
Microsoft Visual Studio Solution File, Format Version 12.00
# Visual Studio Version 17
VisualStudioVersion = 17.4.33213.308
MinimumVisualStudioVersion = 10.0.40219.1
Project("{FAE04EC0-301F-11D3-BF4B-00C04F79EFBC}") = "MiniOyunEgitimi", "MiniOyunEgitimi\MiniOyunEgitimi.csproj", "{A96C96CF-5979-4DE3-97DF-81749E30C146}"
EndProject
Global
	GlobalSection(SolutionConfigurationPlatforms) = preSolution
		Debug|Any CPU = Debug|Any CPU
		Release|Any CPU = Release|Any CPU
	EndGlobalSection
	GlobalSection(ProjectConfigurationPlatforms) = postSolution
		{A96C96CF-5979-4DE3-97DF-81749E30C146}.Debug|Any CPU.ActiveCfg = Debug|Any CPU
		{A96C96CF-5979-4DE3-97DF-81749E30C146}.Debug|Any CPU.Build.0 = Debug|Any CPU
		{A96C96CF-5979-4DE3-97DF-81749E30C146}.Release|Any CPU.ActiveCfg = Release|Any CPU
		{A96C96CF-5979-4DE3-97DF-81749E30C146}.Release|Any CPU.Build.0 = Release|Any CPU
	EndGlobalSection
	GlobalSection(SolutionProperties) = preSolution
		HideSolutionNode = FALSE
	EndGlobalSection
	GlobalSection(ExtensibilityGlobals) = postSolution
		SolutionGuid = {62271206-6385-43BC-8332-E5B979D757D1}
	EndGlobalSection
EndGlobal
